// !$*UTF8*$!
{
	archiveVersion = 1;
	classes = {
	};
	objectVersion = 46;
	objects = {

/* Begin PBXBuildFile section */
		DD1A03CF1A3A92D400C89E1A /* AppDelegate.swift in Sources */ = {isa = PBXBuildFile; fileRef = DD1A03CE1A3A92D400C89E1A /* AppDelegate.swift */; };
		DD1A03D11A3A92D400C89E1A /* ViewController.swift in Sources */ = {isa = PBXBuildFile; fileRef = DD1A03D01A3A92D400C89E1A /* ViewController.swift */; };
		DD1A03D41A3A92D400C89E1A /* Main.storyboard in Resources */ = {isa = PBXBuildFile; fileRef = DD1A03D21A3A92D400C89E1A /* Main.storyboard */; };
		DD1A03D61A3A92D400C89E1A /* Images.xcassets in Resources */ = {isa = PBXBuildFile; fileRef = DD1A03D51A3A92D400C89E1A /* Images.xcassets */; };
		DD1A03D91A3A92D400C89E1A /* LaunchScreen.xib in Resources */ = {isa = PBXBuildFile; fileRef = DD1A03D71A3A92D400C89E1A /* LaunchScreen.xib */; };
		DD1A03E51A3A92D400C89E1A /* Count_swiftTests.swift in Sources */ = {isa = PBXBuildFile; fileRef = DD1A03E41A3A92D400C89E1A /* Count_swiftTests.swift */; };
/* End PBXBuildFile section */

/* Begin PBXContainerItemProxy section */
		DD1A03DF1A3A92D400C89E1A /* PBXContainerItemProxy */ = {
			isa = PBXContainerItemProxy;
			containerPortal = DD1A03C11A3A92D300C89E1A /* Project object */;
			proxyType = 1;
			remoteGlobalIDString = DD1A03C81A3A92D400C89E1A;
			remoteInfo = Count_swift;
		};
/* End PBXContainerItemProxy section */

/* Begin PBXFileReference section */
		DD1A03C91A3A92D400C89E1A /* Count_swift.app */ = {isa = PBXFileReference; explicitFileType = wrapper.application; includeInIndex = 0; path = Count_swift.app; sourceTree = BUILT_PRODUCTS_DIR; };
		DD1A03CD1A3A92D400C89E1A /* Info.plist */ = {isa = PBXFileReference; lastKnownFileType = text.plist.xml; path = Info.plist; sourceTree = "<group>"; };
		DD1A03CE1A3A92D400C89E1A /* AppDelegate.swift */ = {isa = PBXFileReference; lastKnownFileType = sourcecode.swift; path = AppDelegate.swift; sourceTree = "<group>"; };
		DD1A03D01A3A92D400C89E1A /* ViewController.swift */ = {isa = PBXFileReference; lastKnownFileType = sourcecode.swift; path = ViewController.swift; sourceTree = "<group>"; };
		DD1A03D31A3A92D400C89E1A /* Base */ = {isa = PBXFileReference; lastKnownFileType = file.storyboard; name = Base; path = Base.lproj/Main.storyboard; sourceTree = "<group>"; };
		DD1A03D51A3A92D400C89E1A /* Images.xcassets */ = {isa = PBXFileReference; lastKnownFileType = folder.assetcatalog; path = Images.xcassets; sourceTree = "<group>"; };
		DD1A03D81A3A92D400C89E1A /* Base */ = {isa = PBXFileReference; lastKnownFileType = file.xib; name = Base; path = Base.lproj/LaunchScreen.xib; sourceTree = "<group>"; };
		DD1A03DE1A3A92D400C89E1A /* Count_swiftTests.xctest */ = {isa = PBXFileReference; explicitFileType = wrapper.cfbundle; includeInIndex = 0; path = Count_swiftTests.xctest; sourceTree = BUILT_PRODUCTS_DIR; };
		DD1A03E31A3A92D400C89E1A /* Info.plist */ = {isa = PBXFileReference; lastKnownFileType = text.plist.xml; path = Info.plist; sourceTree = "<group>"; };
		DD1A03E41A3A92D400C89E1A /* Count_swiftTests.swift */ = {isa = PBXFileReference; lastKnownFileType = sourcecode.swift; path = Count_swiftTests.swift; sourceTree = "<group>"; };
/* End PBXFileReference section */

/* Begin PBXFrameworksBuildPhase section */
		DD1A03C61A3A92D400C89E1A /* Frameworks */ = {
			isa = PBXFrameworksBuildPhase;
			buildActionMask = 2147483647;
			files = (
			);
			runOnlyForDeploymentPostprocessing = 0;
		};
		DD1A03DB1A3A92D400C89E1A /* Frameworks */ = {
			isa = PBXFrameworksBuildPhase;
			buildActionMask = 2147483647;
			files = (
			);
			runOnlyForDeploymentPostprocessing = 0;
		};
/* End PBXFrameworksBuildPhase section */

/* Begin PBXGroup section */
		DD1A03C01A3A92D300C89E1A = {
			isa = PBXGroup;
			children = (
				DD1A03CB1A3A92D400C89E1A /* Count_swift */,
				DD1A03E11A3A92D400C89E1A /* Count_swiftTests */,
				DD1A03CA1A3A92D400C89E1A /* Products */,
			);
			sourceTree = "<group>";
		};
		DD1A03CA1A3A92D400C89E1A /* Products */ = {
			isa = PBXGroup;
			children = (
				DD1A03C91A3A92D400C89E1A /* Count_swift.app */,
				DD1A03DE1A3A92D400C89E1A /* Count_swiftTests.xctest */,
			);
			name = Products;
			sourceTree = "<group>";
		};
		DD1A03CB1A3A92D400C89E1A /* Count_swift */ = {
			isa = PBXGroup;
			children = (
				DD1A03CE1A3A92D400C89E1A /* AppDelegate.swift */,
				DD1A03D01A3A92D400C89E1A /* ViewController.swift */,
				DD1A03D21A3A92D400C89E1A /* Main.storyboard */,
				DD1A03D51A3A92D400C89E1A /* Images.xcassets */,
				DD1A03D71A3A92D400C89E1A /* LaunchScreen.xib */,
				DD1A03CC1A3A92D400C89E1A /* Supporting Files */,
			);
			path = Count_swift;
			sourceTree = "<group>";
		};
		DD1A03CC1A3A92D400C89E1A /* Supporting Files */ = {
			isa = PBXGroup;
			children = (
				DD1A03CD1A3A92D400C89E1A /* Info.plist */,
			);
			name = "Supporting Files";
			sourceTree = "<group>";
		};
		DD1A03E11A3A92D400C89E1A /* Count_swiftTests */ = {
			isa = PBXGroup;
			children = (
				DD1A03E41A3A92D400C89E1A /* Count_swiftTests.swift */,
				DD1A03E21A3A92D400C89E1A /* Supporting Files */,
			);
			path = Count_swiftTests;
			sourceTree = "<group>";
		};
		DD1A03E21A3A92D400C89E1A /* Supporting Files */ = {
			isa = PBXGroup;
			children = (
				DD1A03E31A3A92D400C89E1A /* Info.plist */,
			);
			name = "Supporting Files";
			sourceTree = "<group>";
		};
/* End PBXGroup section */

/* Begin PBXNativeTarget section */
		DD1A03C81A3A92D400C89E1A /* Count_swift */ = {
			isa = PBXNativeTarget;
			buildConfigurationList = DD1A03E81A3A92D400C89E1A /* Build configuration list for PBXNativeTarget "Count_swift" */;
			buildPhases = (
				DD1A03C51A3A92D400C89E1A /* Sources */,
				DD1A03C61A3A92D400C89E1A /* Frameworks */,
				DD1A03C71A3A92D400C89E1A /* Resources */,
			);
			buildRules = (
			);
			dependencies = (
			);
			name = Count_swift;
			productName = Count_swift;
			productReference = DD1A03C91A3A92D400C89E1A /* Count_swift.app */;
			productType = "com.apple.product-type.application";
		};
		DD1A03DD1A3A92D400C89E1A /* Count_swiftTests */ = {
			isa = PBXNativeTarget;
			buildConfigurationList = DD1A03EB1A3A92D400C89E1A /* Build configuration list for PBXNativeTarget "Count_swiftTests" */;
			buildPhases = (
				DD1A03DA1A3A92D400C89E1A /* Sources */,
				DD1A03DB1A3A92D400C89E1A /* Frameworks */,
				DD1A03DC1A3A92D400C89E1A /* Resources */,
			);
			buildRules = (
			);
			dependencies = (
				DD1A03E01A3A92D400C89E1A /* PBXTargetDependency */,
			);
			name = Count_swiftTests;
			productName = Count_swiftTests;
			productReference = DD1A03DE1A3A92D400C89E1A /* Count_swiftTests.xctest */;
			productType = "com.apple.product-type.bundle.unit-test";
		};
/* End PBXNativeTarget section */

/* Begin PBXProject section */
		DD1A03C11A3A92D300C89E1A /* Project object */ = {
			isa = PBXProject;
			attributes = {
				LastUpgradeCheck = 0610;
				ORGANIZATIONNAME = "嶋本夏海";
				TargetAttributes = {
					DD1A03C81A3A92D400C89E1A = {
						CreatedOnToolsVersion = 6.1.1;
					};
					DD1A03DD1A3A92D400C89E1A = {
						CreatedOnToolsVersion = 6.1.1;
						TestTargetID = DD1A03C81A3A92D400C89E1A;
					};
				};
			};
			buildConfigurationList = DD1A03C41A3A92D300C89E1A /* Build configuration list for PBXProject "Count_swift" */;
			compatibilityVersion = "Xcode 3.2";
			developmentRegion = English;
			hasScannedForEncodings = 0;
			knownRegions = (
				en,
				Base,
			);
			mainGroup = DD1A03C01A3A92D300C89E1A;
			productRefGroup = DD1A03CA1A3A92D400C89E1A /* Products */;
			projectDirPath = "";
			projectRoot = "";
			targets = (
				DD1A03C81A3A92D400C89E1A /* Count_swift */,
				DD1A03DD1A3A92D400C89E1A /* Count_swiftTests */,
			);
		};
/* End PBXProject section */

/* Begin PBXResourcesBuildPhase section */
		DD1A03C71A3A92D400C89E1A /* Resources */ = {
			isa = PBXResourcesBuildPhase;
			buildActionMask = 2147483647;
			files = (
				DD1A03D41A3A92D400C89E1A /* Main.storyboard in Resources */,
				DD1A03D91A3A92D400C89E1A /* LaunchScreen.xib in Resources */,
				DD1A03D61A3A92D400C89E1A /* Images.xcassets in Resources */,
			);
			runOnlyForDeploymentPostprocessing = 0;
		};
		DD1A03DC1A3A92D400C89E1A /* Resources */ = {
			isa = PBXResourcesBuildPhase;
			buildActionMask = 2147483647;
			files = (
			);
			runOnlyForDeploymentPostprocessing = 0;
		};
/* End PBXResourcesBuildPhase section */

/* Begin PBXSourcesBuildPhase section */
		DD1A03C51A3A92D400C89E1A /* Sources */ = {
			isa = PBXSourcesBuildPhase;
			buildActionMask = 2147483647;
			files = (
				DD1A03D11A3A92D400C89E1A /* ViewController.swift in Sources */,
				DD1A03CF1A3A92D400C89E1A /* AppDelegate.swift in Sources */,
			);
			runOnlyForDeploymentPostprocessing = 0;
		};
		DD1A03DA1A3A92D400C89E1A /* Sources */ = {
			isa = PBXSourcesBuildPhase;
			buildActionMask = 2147483647;
			files = (
				DD1A03E51A3A92D400C89E1A /* Count_swiftTests.swift in Sources */,
			);
			runOnlyForDeploymentPostprocessing = 0;
		};
/* End PBXSourcesBuildPhase section */

/* Begin PBXTargetDependency section */
		DD1A03E01A3A92D400C89E1A /* PBXTargetDependency */ = {
			isa = PBXTargetDependency;
			target = DD1A03C81A3A92D400C89E1A /* Count_swift */;
			targetProxy = DD1A03DF1A3A92D400C89E1A /* PBXContainerItemProxy */;
		};
/* End PBXTargetDependency section */

/* Begin PBXVariantGroup section */
		DD1A03D21A3A92D400C89E1A /* Main.storyboard */ = {
			isa = PBXVariantGroup;
			children = (
				DD1A03D31A3A92D400C89E1A /* Base */,
			);
			name = Main.storyboard;
			sourceTree = "<group>";
		};
		DD1A03D71A3A92D400C89E1A /* LaunchScreen.xib */ = {
			isa = PBXVariantGroup;
			children = (
				DD1A03D81A3A92D400C89E1A /* Base */,
			);
			name = LaunchScreen.xib;
			sourceTree = "<group>";
		};
/* End PBXVariantGroup section */

/* Begin XCBuildConfiguration section */
		DD1A03E61A3A92D400C89E1A /* Debug */ = {
			isa = XCBuildConfiguration;
			buildSettings = {
				ALWAYS_SEARCH_USER_PATHS = NO;
				CLANG_CXX_LANGUAGE_STANDARD = "gnu++0x";
				CLANG_CXX_LIBRARY = "libc++";
				CLANG_ENABLE_MODULES = YES;
				CLANG_ENABLE_OBJC_ARC = YES;
				CLANG_WARN_BOOL_CONVERSION = YES;
				CLANG_WARN_CONSTANT_CONVERSION = YES;
				CLANG_WARN_DIRECT_OBJC_ISA_USAGE = YES_ERROR;
				CLANG_WARN_EMPTY_BODY = YES;
				CLANG_WARN_ENUM_CONVERSION = YES;
				CLANG_WARN_INT_CONVERSION = YES;
				CLANG_WARN_OBJC_ROOT_CLASS = YES_ERROR;
				CLANG_WARN_UNREACHABLE_CODE = YES;
				CLANG_WARN__DUPLICATE_METHOD_MATCH = YES;
				"CODE_SIGN_IDENTITY[sdk=iphoneos*]" = "iPhone Developer";
				COPY_PHASE_STRIP = NO;
				ENABLE_STRICT_OBJC_MSGSEND = YES;
				GCC_C_LANGUAGE_STANDARD = gnu99;
				GCC_DYNAMIC_NO_PIC = NO;
				GCC_OPTIMIZATION_LEVEL = 0;
				GCC_PREPROCESSOR_DEFINITIONS = (
					"DEBUG=1",
					"$(inherited)",
				);
				GCC_SYMBOLS_PRIVATE_EXTERN = NO;
				GCC_WARN_64_TO_32_BIT_CONVERSION = YES;
				GCC_WARN_ABOUT_RETURN_TYPE = YES_ERROR;
				GCC_WARN_UNDECLARED_SELECTOR = YES;
				GCC_WARN_UNINITIALIZED_AUTOS = YES_AGGRESSIVE;
				GCC_WARN_UNUSED_FUNCTION = YES;
				GCC_WARN_UNUSED_VARIABLE = YES;
				IPHONEOS_DEPLOYMENT_TARGET = 8.1;
				MTL_ENABLE_DEBUG_INFO = YES;
				ONLY_ACTIVE_ARCH = YES;
				SDKROOT = iphoneos;
				SWIFT_OPTIMIZATION_LEVEL = "-Onone";
			};
			name = Debug;
		};
		DD1A03E71A3A92D400C89E1A /* Release */ = {
			isa = XCBuildConfiguration;
			buildSettings = {
				ALWAYS_SEARCH_USER_PATHS = NO;
				CLANG_CXX_LANGUAGE_STANDARD = "gnu++0x";
				CLANG_CXX_LIBRARY = "libc++";
				CLANG_ENABLE_MODULES = YES;
				CLANG_ENABLE_OBJC_ARC = YES;
				CLANG_WARN_BOOL_CONVERSION = YES;
				CLANG_WARN_CONSTANT_CONVERSION = YES;
				CLANG_WARN_DIRECT_OBJC_ISA_USAGE = YES_ERROR;
				CLANG_WARN_EMPTY_BODY = YES;
				CLANG_WARN_ENUM_CONVERSION = YES;
				CLANG_WARN_INT_CONVERSION = YES;
				CLANG_WARN_OBJC_ROOT_CLASS = YES_ERROR;
				CLANG_WARN_UNREACHABLE_CODE = YES;
				CLANG_WARN__DUPLICATE_METHOD_MATCH = YES;
				"CODE_SIGN_IDENTITY[sdk=iphoneos*]" = "iPhone Developer";
				COPY_PHASE_STRIP = YES;
				ENABLE_NS_ASSERTIONS = NO;
				ENABLE_STRICT_OBJC_MSGSEND = YES;
				GCC_C_LANGUAGE_STANDARD = gnu99;
				GCC_WARN_64_TO_32_BIT_CONVERSION = YES;
				GCC_WARN_ABOUT_RETURN_TYPE = YES_ERROR;
				GCC_WARN_UNDECLARED_SELECTOR = YES;
				GCC_WARN_UNINITIALIZED_AUTOS = YES_AGGRESSIVE;
				GCC_WARN_UNUSED_FUNCTION = YES;
				GCC_WARN_UNUSED_VARIABLE = YES;
				IPHONEOS_DEPLOYMENT_TARGET = 8.1;
				MTL_ENABLE_DEBUG_INFO = NO;
				SDKROOT = iphoneos;
				VALIDATE_PRODUCT = YES;
			};
			name = Release;
		};
		DD1A03E91A3A92D400C89E1A /* Debug */ = {
			isa = XCBuildConfiguration;
			buildSettings = {
				ASSETCATALOG_COMPILER_APPICON_NAME = AppIcon;
				INFOPLIST_FILE = Count_swift/Info.plist;
				LD_RUNPATH_SEARCH_PATHS = "$(inherited) @executable_path/Frameworks";
				PRODUCT_NAME = "$(TARGET_NAME)";
			};
			name = Debug;
		};
		DD1A03EA1A3A92D400C89E1A /* Release */ = {
			isa = XCBuildConfiguration;
			buildSettings = {
				ASSETCATALOG_COMPILER_APPICON_NAME = AppIcon;
				INFOPLIST_FILE = Count_swift/Info.plist;
				LD_RUNPATH_SEARCH_PATHS = "$(inherited) @executable_path/Frameworks";
				PRODUCT_NAME = "$(TARGET_NAME)";
			};
			name = Release;
		};
		DD1A03EC1A3A92D400C89E1A /* Debug */ = {
			isa = XCBuildConfiguration;
			buildSettings = {
				BUNDLE_LOADER = "$(TEST_HOST)";
				FRAMEWORK_SEARCH_PATHS = (
					"$(SDKROOT)/Developer/Library/Frameworks",
					"$(inherited)",
				);
				GCC_PREPROCESSOR_DEFINITIONS = (
					"DEBUG=1",
					"$(inherited)",
				);
				INFOPLIST_FILE = Count_swiftTests/Info.plist;
				LD_RUNPATH_SEARCH_PATHS = "$(inherited) @executable_path/Frameworks @loader_path/Frameworks";
				PRODUCT_NAME = "$(TARGET_NAME)";
				TEST_HOST = "$(BUILT_PRODUCTS_DIR)/Count_swift.app/Count_swift";
			};
			name = Debug;
		};
		DD1A03ED1A3A92D400C89E1A /* Release */ = {
			isa = XCBuildConfiguration;
			buildSettings = {
				BUNDLE_LOADER = "$(TEST_HOST)";
				FRAMEWORK_SEARCH_PATHS = (
					"$(SDKROOT)/Developer/Library/Frameworks",
					"$(inherited)",
				);
				INFOPLIST_FILE = Count_swiftTests/Info.plist;
				LD_RUNPATH_SEARCH_PATHS = "$(inherited) @executable_path/Frameworks @loader_path/Frameworks";
				PRODUCT_NAME = "$(TARGET_NAME)";
				TEST_HOST = "$(BUILT_PRODUCTS_DIR)/Count_swift.app/Count_swift";
			};
			name = Release;
		};
/* End XCBuildConfiguration section */

/* Begin XCConfigurationList section */
		DD1A03C41A3A92D300C89E1A /* Build configuration list for PBXProject "Count_swift" */ = {
			isa = XCConfigurationList;
			buildConfigurations = (
				DD1A03E61A3A92D400C89E1A /* Debug */,
				DD1A03E71A3A92D400C89E1A /* Release */,
			);
			defaultConfigurationIsVisible = 0;
			defaultConfigurationName = Release;
		};
		DD1A03E81A3A92D400C89E1A /* Build configuration list for PBXNativeTarget "Count_swift" */ = {
			isa = XCConfigurationList;
			buildConfigurations = (
				DD1A03E91A3A92D400C89E1A /* Debug */,
				DD1A03EA1A3A92D400C89E1A /* Release */,
			);
			defaultConfigurationIsVisible = 0;
		};
		DD1A03EB1A3A92D400C89E1A /* Build configuration list for PBXNativeTarget "Count_swiftTests" */ = {
			isa = XCConfigurationList;
			buildConfigurations = (
				DD1A03EC1A3A92D400C89E1A /* Debug */,
				DD1A03ED1A3A92D400C89E1A /* Release */,
			);
			defaultConfigurationIsVisible = 0;
		};
/* End XCConfigurationList section */
	};
	rootObject = DD1A03C11A3A92D300C89E1A /* Project object */;
}
